# THIS IS AN AUTOGENERATED FILE. DO NOT EDIT THIS FILE DIRECTLY.
# yarn lockfile v1


xstate@^5.13.0:
  version "5.13.0"
  resolved "https://registry.npmmirror.com/xstate/-/xstate-5.13.0.tgz#7f7092d813a89d94024b083fe23a86b6cf4a323a"
  integrity sha512-Z0om784N5u8sAzUvQJBa32jiTCIGGF/2ZsmKkerQEqeeUktAeOMK20FIHFUMywC4GcAkNksSvaeX7lwoRNXPEQ==
